// !$*UTF8*$!
{
	archiveVersion = 1;
	classes = {
	};
	objectVersion = 51;
	objects = {

/* Begin PBXBuildFile section */
		1D73F281F2D61753DEF9BC39 /* Pods_MovieDiaryTests.framework in Frameworks */ = {isa = PBXBuildFile; fileRef = 79F427DE967DABFD3CB4BC07 /* Pods_MovieDiaryTests.framework */; };
		3375A587AFBA19D376FEE315 /* Pods_MovieDiary_MovieDiaryUITests.framework in Frameworks */ = {isa = PBXBuildFile; fileRef = C483933FDB639D73D56752DC /* Pods_MovieDiary_MovieDiaryUITests.framework */; };
		8C038FF423E31F1B00356623 /* GoogleService-Info.plist in Resources */ = {isa = PBXBuildFile; fileRef = 8C038FF323E31F1B00356623 /* GoogleService-Info.plist */; };
		8C5CC8C823D1D9D90011DB51 /* Movie.swift in Sources */ = {isa = PBXBuildFile; fileRef = 8C5CC8C723D1D9D90011DB51 /* Movie.swift */; };
		8C72AF2223D4751A00AE1FBC /* Montserrat-SemiBold.ttf in Resources */ = {isa = PBXBuildFile; fileRef = 8C72AF1E23D4751A00AE1FBC /* Montserrat-SemiBold.ttf */; };
		8C72AF2323D4751A00AE1FBC /* Montserrat-ExtraBold.ttf in Resources */ = {isa = PBXBuildFile; fileRef = 8C72AF1F23D4751A00AE1FBC /* Montserrat-ExtraBold.ttf */; };
		8C72AF2423D4751A00AE1FBC /* Montserrat-Bold.ttf in Resources */ = {isa = PBXBuildFile; fileRef = 8C72AF2023D4751A00AE1FBC /* Montserrat-Bold.ttf */; };
		8C72AF2523D4751A00AE1FBC /* Montserrat-SemiBoldItalic.ttf in Resources */ = {isa = PBXBuildFile; fileRef = 8C72AF2123D4751A00AE1FBC /* Montserrat-SemiBoldItalic.ttf */; };
		8C72AF2723D47C2500AE1FBC /* MovieCell.swift in Sources */ = {isa = PBXBuildFile; fileRef = 8C72AF2623D47C2500AE1FBC /* MovieCell.swift */; };
		8C91C10C23DB15450081E084 /* MenuAnimationExtension.swift in Sources */ = {isa = PBXBuildFile; fileRef = 8C91C10B23DB15450081E084 /* MenuAnimationExtension.swift */; };
		8CAF18D623D4B81700754E6C /* Colors.swift in Sources */ = {isa = PBXBuildFile; fileRef = 8CAF18D523D4B81700754E6C /* Colors.swift */; };
		8CAF18D823D4B9F900754E6C /* UIViewExtension.swift in Sources */ = {isa = PBXBuildFile; fileRef = 8CAF18D723D4B9F900754E6C /* UIViewExtension.swift */; };
		8CC05EF723D5C7B2000D70B8 /* DetailViewController.swift in Sources */ = {isa = PBXBuildFile; fileRef = 8CC05EF623D5C7B2000D70B8 /* DetailViewController.swift */; };
		8CD1C01423D0833200CCF6A4 /* AppDelegate.swift in Sources */ = {isa = PBXBuildFile; fileRef = 8CD1C01323D0833200CCF6A4 /* AppDelegate.swift */; };
		8CD1C01623D0833200CCF6A4 /* SceneDelegate.swift in Sources */ = {isa = PBXBuildFile; fileRef = 8CD1C01523D0833200CCF6A4 /* SceneDelegate.swift */; };
		8CD1C01823D0833200CCF6A4 /* ViewController.swift in Sources */ = {isa = PBXBuildFile; fileRef = 8CD1C01723D0833200CCF6A4 /* ViewController.swift */; };
		8CD1C01B23D0833200CCF6A4 /* Main.storyboard in Resources */ = {isa = PBXBuildFile; fileRef = 8CD1C01923D0833200CCF6A4 /* Main.storyboard */; };
		8CD1C01D23D0833300CCF6A4 /* Assets.xcassets in Resources */ = {isa = PBXBuildFile; fileRef = 8CD1C01C23D0833300CCF6A4 /* Assets.xcassets */; };
		8CD1C02023D0833300CCF6A4 /* LaunchScreen.storyboard in Resources */ = {isa = PBXBuildFile; fileRef = 8CD1C01E23D0833300CCF6A4 /* LaunchScreen.storyboard */; };
		8CD1C02B23D0833300CCF6A4 /* MovieDiaryTests.swift in Sources */ = {isa = PBXBuildFile; fileRef = 8CD1C02A23D0833300CCF6A4 /* MovieDiaryTests.swift */; };
		8CD1C03623D0833300CCF6A4 /* MovieDiaryUITests.swift in Sources */ = {isa = PBXBuildFile; fileRef = 8CD1C03523D0833300CCF6A4 /* MovieDiaryUITests.swift */; };
		8CD1C05C23D09E5600CCF6A4 /* CreateItemViewController.swift in Sources */ = {isa = PBXBuildFile; fileRef = 8CD1C05B23D09E5600CCF6A4 /* CreateItemViewController.swift */; };
		CAA15EADD856C18A4E783040 /* Pods_MovieDiary.framework in Frameworks */ = {isa = PBXBuildFile; fileRef = EF83C7EC8F8538A7005A798F /* Pods_MovieDiary.framework */; };
/* End PBXBuildFile section */

/* Begin PBXContainerItemProxy section */
		8CD1C02723D0833300CCF6A4 /* PBXContainerItemProxy */ = {
			isa = PBXContainerItemProxy;
			containerPortal = 8CD1C00823D0833200CCF6A4 /* Project object */;
			proxyType = 1;
			remoteGlobalIDString = 8CD1C00F23D0833200CCF6A4;
			remoteInfo = MovieDiary;
		};
		8CD1C03223D0833300CCF6A4 /* PBXContainerItemProxy */ = {
			isa = PBXContainerItemProxy;
			containerPortal = 8CD1C00823D0833200CCF6A4 /* Project object */;
			proxyType = 1;
			remoteGlobalIDString = 8CD1C00F23D0833200CCF6A4;
			remoteInfo = MovieDiary;
		};
/* End PBXContainerItemProxy section */

/* Begin PBXFileReference section */
		79F427DE967DABFD3CB4BC07 /* Pods_MovieDiaryTests.framework */ = {isa = PBXFileReference; explicitFileType = wrapper.framework; includeInIndex = 0; path = Pods_MovieDiaryTests.framework; sourceTree = BUILT_PRODUCTS_DIR; };
		8C038FF323E31F1B00356623 /* GoogleService-Info.plist */ = {isa = PBXFileReference; fileEncoding = 4; lastKnownFileType = text.plist.xml; path = "GoogleService-Info.plist"; sourceTree = "<group>"; };
		8C5CC8C723D1D9D90011DB51 /* Movie.swift */ = {isa = PBXFileReference; lastKnownFileType = sourcecode.swift; path = Movie.swift; sourceTree = "<group>"; };
		8C72AF1E23D4751A00AE1FBC /* Montserrat-SemiBold.ttf */ = {isa = PBXFileReference; lastKnownFileType = file; path = "Montserrat-SemiBold.ttf"; sourceTree = "<group>"; };
		8C72AF1F23D4751A00AE1FBC /* Montserrat-ExtraBold.ttf */ = {isa = PBXFileReference; lastKnownFileType = file; path = "Montserrat-ExtraBold.ttf"; sourceTree = "<group>"; };
		8C72AF2023D4751A00AE1FBC /* Montserrat-Bold.ttf */ = {isa = PBXFileReference; lastKnownFileType = file; path = "Montserrat-Bold.ttf"; sourceTree = "<group>"; };
		8C72AF2123D4751A00AE1FBC /* Montserrat-SemiBoldItalic.ttf */ = {isa = PBXFileReference; lastKnownFileType = file; path = "Montserrat-SemiBoldItalic.ttf"; sourceTree = "<group>"; };
		8C72AF2623D47C2500AE1FBC /* MovieCell.swift */ = {isa = PBXFileReference; lastKnownFileType = sourcecode.swift; path = MovieCell.swift; sourceTree = "<group>"; };
		8C91C10B23DB15450081E084 /* MenuAnimationExtension.swift */ = {isa = PBXFileReference; lastKnownFileType = sourcecode.swift; path = MenuAnimationExtension.swift; sourceTree = "<group>"; };
		8CAF18D523D4B81700754E6C /* Colors.swift */ = {isa = PBXFileReference; lastKnownFileType = sourcecode.swift; path = Colors.swift; sourceTree = "<group>"; };
		8CAF18D723D4B9F900754E6C /* UIViewExtension.swift */ = {isa = PBXFileReference; lastKnownFileType = sourcecode.swift; path = UIViewExtension.swift; sourceTree = "<group>"; };
		8CC05EF623D5C7B2000D70B8 /* DetailViewController.swift */ = {isa = PBXFileReference; lastKnownFileType = sourcecode.swift; path = DetailViewController.swift; sourceTree = "<group>"; };
		8CD1C01023D0833200CCF6A4 /* MovieDiary.app */ = {isa = PBXFileReference; explicitFileType = wrapper.application; includeInIndex = 0; path = MovieDiary.app; sourceTree = BUILT_PRODUCTS_DIR; };
		8CD1C01323D0833200CCF6A4 /* AppDelegate.swift */ = {isa = PBXFileReference; lastKnownFileType = sourcecode.swift; path = AppDelegate.swift; sourceTree = "<group>"; };
		8CD1C01523D0833200CCF6A4 /* SceneDelegate.swift */ = {isa = PBXFileReference; lastKnownFileType = sourcecode.swift; path = SceneDelegate.swift; sourceTree = "<group>"; };
		8CD1C01723D0833200CCF6A4 /* ViewController.swift */ = {isa = PBXFileReference; lastKnownFileType = sourcecode.swift; path = ViewController.swift; sourceTree = "<group>"; };
		8CD1C01A23D0833200CCF6A4 /* Base */ = {isa = PBXFileReference; lastKnownFileType = file.storyboard; name = Base; path = Base.lproj/Main.storyboard; sourceTree = "<group>"; };
		8CD1C01C23D0833300CCF6A4 /* Assets.xcassets */ = {isa = PBXFileReference; lastKnownFileType = folder.assetcatalog; path = Assets.xcassets; sourceTree = "<group>"; };
		8CD1C01F23D0833300CCF6A4 /* Base */ = {isa = PBXFileReference; lastKnownFileType = file.storyboard; name = Base; path = Base.lproj/LaunchScreen.storyboard; sourceTree = "<group>"; };
		8CD1C02123D0833300CCF6A4 /* Info.plist */ = {isa = PBXFileReference; lastKnownFileType = text.plist.xml; path = Info.plist; sourceTree = "<group>"; };
		8CD1C02623D0833300CCF6A4 /* MovieDiaryTests.xctest */ = {isa = PBXFileReference; explicitFileType = wrapper.cfbundle; includeInIndex = 0; path = MovieDiaryTests.xctest; sourceTree = BUILT_PRODUCTS_DIR; };
		8CD1C02A23D0833300CCF6A4 /* MovieDiaryTests.swift */ = {isa = PBXFileReference; lastKnownFileType = sourcecode.swift; path = MovieDiaryTests.swift; sourceTree = "<group>"; };
		8CD1C02C23D0833300CCF6A4 /* Info.plist */ = {isa = PBXFileReference; lastKnownFileType = text.plist.xml; path = Info.plist; sourceTree = "<group>"; };
		8CD1C03123D0833300CCF6A4 /* MovieDiaryUITests.xctest */ = {isa = PBXFileReference; explicitFileType = wrapper.cfbundle; includeInIndex = 0; path = MovieDiaryUITests.xctest; sourceTree = BUILT_PRODUCTS_DIR; };
		8CD1C03523D0833300CCF6A4 /* MovieDiaryUITests.swift */ = {isa = PBXFileReference; lastKnownFileType = sourcecode.swift; path = MovieDiaryUITests.swift; sourceTree = "<group>"; };
		8CD1C03723D0833300CCF6A4 /* Info.plist */ = {isa = PBXFileReference; lastKnownFileType = text.plist.xml; path = Info.plist; sourceTree = "<group>"; };
		8CD1C05B23D09E5600CCF6A4 /* CreateItemViewController.swift */ = {isa = PBXFileReference; lastKnownFileType = sourcecode.swift; path = CreateItemViewController.swift; sourceTree = "<group>"; };
		A08BD2F443D5DA4F02289782 /* Pods-MovieDiary-MovieDiaryUITests.debug.xcconfig */ = {isa = PBXFileReference; includeInIndex = 1; lastKnownFileType = text.xcconfig; name = "Pods-MovieDiary-MovieDiaryUITests.debug.xcconfig"; path = "Target Support Files/Pods-MovieDiary-MovieDiaryUITests/Pods-MovieDiary-MovieDiaryUITests.debug.xcconfig"; sourceTree = "<group>"; };
		B8394C65C7F69A9F7AABEB9D /* Pods-MovieDiary-MovieDiaryUITests.release.xcconfig */ = {isa = PBXFileReference; includeInIndex = 1; lastKnownFileType = text.xcconfig; name = "Pods-MovieDiary-MovieDiaryUITests.release.xcconfig"; path = "Target Support Files/Pods-MovieDiary-MovieDiaryUITests/Pods-MovieDiary-MovieDiaryUITests.release.xcconfig"; sourceTree = "<group>"; };
		B83FD5A58B36C5F362718E7B /* Pods-MovieDiary.debug.xcconfig */ = {isa = PBXFileReference; includeInIndex = 1; lastKnownFileType = text.xcconfig; name = "Pods-MovieDiary.debug.xcconfig"; path = "Target Support Files/Pods-MovieDiary/Pods-MovieDiary.debug.xcconfig"; sourceTree = "<group>"; };
		C483933FDB639D73D56752DC /* Pods_MovieDiary_MovieDiaryUITests.framework */ = {isa = PBXFileReference; explicitFileType = wrapper.framework; includeInIndex = 0; path = Pods_MovieDiary_MovieDiaryUITests.framework; sourceTree = BUILT_PRODUCTS_DIR; };
		E869F8F2B63B0420132AB7EC /* Pods-MovieDiaryTests.debug.xcconfig */ = {isa = PBXFileReference; includeInIndex = 1; lastKnownFileType = text.xcconfig; name = "Pods-MovieDiaryTests.debug.xcconfig"; path = "Target Support Files/Pods-MovieDiaryTests/Pods-MovieDiaryTests.debug.xcconfig"; sourceTree = "<group>"; };
		EF83C7EC8F8538A7005A798F /* Pods_MovieDiary.framework */ = {isa = PBXFileReference; explicitFileType = wrapper.framework; includeInIndex = 0; path = Pods_MovieDiary.framework; sourceTree = BUILT_PRODUCTS_DIR; };
		F227712CEB0A3560B55F3326 /* Pods-MovieDiaryTests.release.xcconfig */ = {isa = PBXFileReference; includeInIndex = 1; lastKnownFileType = text.xcconfig; name = "Pods-MovieDiaryTests.release.xcconfig"; path = "Target Support Files/Pods-MovieDiaryTests/Pods-MovieDiaryTests.release.xcconfig"; sourceTree = "<group>"; };
		F43C4B2DAA7D90C376119129 /* Pods-MovieDiary.release.xcconfig */ = {isa = PBXFileReference; includeInIndex = 1; lastKnownFileType = text.xcconfig; name = "Pods-MovieDiary.release.xcconfig"; path = "Target Support Files/Pods-MovieDiary/Pods-MovieDiary.release.xcconfig"; sourceTree = "<group>"; };
/* End PBXFileReference section */

/* Begin PBXFrameworksBuildPhase section */
		8CD1C00D23D0833200CCF6A4 /* Frameworks */ = {
			isa = PBXFrameworksBuildPhase;
			buildActionMask = 2147483647;
			files = (
				CAA15EADD856C18A4E783040 /* Pods_MovieDiary.framework in Frameworks */,
			);
			runOnlyForDeploymentPostprocessing = 0;
		};
		8CD1C02323D0833300CCF6A4 /* Frameworks */ = {
			isa = PBXFrameworksBuildPhase;
			buildActionMask = 2147483647;
			files = (
				1D73F281F2D61753DEF9BC39 /* Pods_MovieDiaryTests.framework in Frameworks */,
			);
			runOnlyForDeploymentPostprocessing = 0;
		};
		8CD1C02E23D0833300CCF6A4 /* Frameworks */ = {
			isa = PBXFrameworksBuildPhase;
			buildActionMask = 2147483647;
			files = (
				3375A587AFBA19D376FEE315 /* Pods_MovieDiary_MovieDiaryUITests.framework in Frameworks */,
			);
			runOnlyForDeploymentPostprocessing = 0;
		};
/* End PBXFrameworksBuildPhase section */

/* Begin PBXGroup section */
		649B15F738903B1AD3024969 /* Frameworks */ = {
			isa = PBXGroup;
			children = (
				EF83C7EC8F8538A7005A798F /* Pods_MovieDiary.framework */,
				C483933FDB639D73D56752DC /* Pods_MovieDiary_MovieDiaryUITests.framework */,
				79F427DE967DABFD3CB4BC07 /* Pods_MovieDiaryTests.framework */,
			);
			name = Frameworks;
			sourceTree = "<group>";
		};
		8C72AF2823D47C6100AE1FBC /* View Controllers */ = {
			isa = PBXGroup;
			children = (
				8CD1C01723D0833200CCF6A4 /* ViewController.swift */,
				8CD1C05B23D09E5600CCF6A4 /* CreateItemViewController.swift */,
				8CC05EF623D5C7B2000D70B8 /* DetailViewController.swift */,
			);
			path = "View Controllers";
			sourceTree = "<group>";
		};
		8CD1C00723D0833200CCF6A4 = {
			isa = PBXGroup;
			children = (
				8CD1C01223D0833200CCF6A4 /* MovieDiary */,
				8CD1C02923D0833300CCF6A4 /* MovieDiaryTests */,
				8CD1C03423D0833300CCF6A4 /* MovieDiaryUITests */,
				8CD1C01123D0833200CCF6A4 /* Products */,
				A57538F08487148161AD65F3 /* Pods */,
				649B15F738903B1AD3024969 /* Frameworks */,
			);
			sourceTree = "<group>";
		};
		8CD1C01123D0833200CCF6A4 /* Products */ = {
			isa = PBXGroup;
			children = (
				8CD1C01023D0833200CCF6A4 /* MovieDiary.app */,
				8CD1C02623D0833300CCF6A4 /* MovieDiaryTests.xctest */,
				8CD1C03123D0833300CCF6A4 /* MovieDiaryUITests.xctest */,
			);
			name = Products;
			sourceTree = "<group>";
		};
		8CD1C01223D0833200CCF6A4 /* MovieDiary */ = {
			isa = PBXGroup;
			children = (
				8CD1C01323D0833200CCF6A4 /* AppDelegate.swift */,
				8CD1C01523D0833200CCF6A4 /* SceneDelegate.swift */,
				8C72AF2823D47C6100AE1FBC /* View Controllers */,
				8C72AF2623D47C2500AE1FBC /* MovieCell.swift */,
				8C5CC8C723D1D9D90011DB51 /* Movie.swift */,
				8CAF18D523D4B81700754E6C /* Colors.swift */,
				8CAF18D723D4B9F900754E6C /* UIViewExtension.swift */,
				8C91C10B23DB15450081E084 /* MenuAnimationExtension.swift */,
				8CD1C01923D0833200CCF6A4 /* Main.storyboard */,
				8CD1C01C23D0833300CCF6A4 /* Assets.xcassets */,
				8CD1C01E23D0833300CCF6A4 /* LaunchScreen.storyboard */,
				8CD1C02123D0833300CCF6A4 /* Info.plist */,
				8C038FF323E31F1B00356623 /* GoogleService-Info.plist */,
				8CD1C04E23D088EE00CCF6A4 /* Fonts */,
			);
			path = MovieDiary;
			sourceTree = "<group>";
		};
		8CD1C02923D0833300CCF6A4 /* MovieDiaryTests */ = {
			isa = PBXGroup;
			children = (
				8CD1C02A23D0833300CCF6A4 /* MovieDiaryTests.swift */,
				8CD1C02C23D0833300CCF6A4 /* Info.plist */,
			);
			path = MovieDiaryTests;
			sourceTree = "<group>";
		};
		8CD1C03423D0833300CCF6A4 /* MovieDiaryUITests */ = {
			isa = PBXGroup;
			children = (
				8CD1C03523D0833300CCF6A4 /* MovieDiaryUITests.swift */,
				8CD1C03723D0833300CCF6A4 /* Info.plist */,
			);
			path = MovieDiaryUITests;
			sourceTree = "<group>";
		};
		8CD1C04E23D088EE00CCF6A4 /* Fonts */ = {
			isa = PBXGroup;
			children = (
				8C72AF2023D4751A00AE1FBC /* Montserrat-Bold.ttf */,
				8C72AF1F23D4751A00AE1FBC /* Montserrat-ExtraBold.ttf */,
				8C72AF1E23D4751A00AE1FBC /* Montserrat-SemiBold.ttf */,
				8C72AF2123D4751A00AE1FBC /* Montserrat-SemiBoldItalic.ttf */,
			);
			path = Fonts;
			sourceTree = "<group>";
		};
		A57538F08487148161AD65F3 /* Pods */ = {
			isa = PBXGroup;
			children = (
				B83FD5A58B36C5F362718E7B /* Pods-MovieDiary.debug.xcconfig */,
				F43C4B2DAA7D90C376119129 /* Pods-MovieDiary.release.xcconfig */,
				A08BD2F443D5DA4F02289782 /* Pods-MovieDiary-MovieDiaryUITests.debug.xcconfig */,
				B8394C65C7F69A9F7AABEB9D /* Pods-MovieDiary-MovieDiaryUITests.release.xcconfig */,
				E869F8F2B63B0420132AB7EC /* Pods-MovieDiaryTests.debug.xcconfig */,
				F227712CEB0A3560B55F3326 /* Pods-MovieDiaryTests.release.xcconfig */,
			);
			path = Pods;
			sourceTree = "<group>";
		};
/* End PBXGroup section */

/* Begin PBXNativeTarget section */
		8CD1C00F23D0833200CCF6A4 /* MovieDiary */ = {
			isa = PBXNativeTarget;
			buildConfigurationList = 8CD1C03A23D0833300CCF6A4 /* Build configuration list for PBXNativeTarget "MovieDiary" */;
			buildPhases = (
				D43B9F68BF6DD5CB2C6D8067 /* [CP] Check Pods Manifest.lock */,
				8CD1C00C23D0833200CCF6A4 /* Sources */,
				8CD1C00D23D0833200CCF6A4 /* Frameworks */,
				8CD1C00E23D0833200CCF6A4 /* Resources */,
				309C406B9BE478F5D90D91E8 /* [CP] Embed Pods Frameworks */,
			);
			buildRules = (
			);
			dependencies = (
			);
			name = MovieDiary;
			productName = MovieDiary;
			productReference = 8CD1C01023D0833200CCF6A4 /* MovieDiary.app */;
			productType = "com.apple.product-type.application";
		};
		8CD1C02523D0833300CCF6A4 /* MovieDiaryTests */ = {
			isa = PBXNativeTarget;
			buildConfigurationList = 8CD1C03D23D0833300CCF6A4 /* Build configuration list for PBXNativeTarget "MovieDiaryTests" */;
			buildPhases = (
				FC805088E23A0D33A598DBE5 /* [CP] Check Pods Manifest.lock */,
				8CD1C02223D0833300CCF6A4 /* Sources */,
				8CD1C02323D0833300CCF6A4 /* Frameworks */,
				8CD1C02423D0833300CCF6A4 /* Resources */,
			);
			buildRules = (
			);
			dependencies = (
				8CD1C02823D0833300CCF6A4 /* PBXTargetDependency */,
			);
			name = MovieDiaryTests;
			productName = MovieDiaryTests;
			productReference = 8CD1C02623D0833300CCF6A4 /* MovieDiaryTests.xctest */;
			productType = "com.apple.product-type.bundle.unit-test";
		};
		8CD1C03023D0833300CCF6A4 /* MovieDiaryUITests */ = {
			isa = PBXNativeTarget;
			buildConfigurationList = 8CD1C04023D0833300CCF6A4 /* Build configuration list for PBXNativeTarget "MovieDiaryUITests" */;
			buildPhases = (
				55A59EEA13FA71B9F1AF4B7E /* [CP] Check Pods Manifest.lock */,
				8CD1C02D23D0833300CCF6A4 /* Sources */,
				8CD1C02E23D0833300CCF6A4 /* Frameworks */,
				8CD1C02F23D0833300CCF6A4 /* Resources */,
				FE580A4C34AF0F75AB00E064 /* [CP] Embed Pods Frameworks */,
			);
			buildRules = (
			);
			dependencies = (
				8CD1C03323D0833300CCF6A4 /* PBXTargetDependency */,
			);
			name = MovieDiaryUITests;
			productName = MovieDiaryUITests;
			productReference = 8CD1C03123D0833300CCF6A4 /* MovieDiaryUITests.xctest */;
			productType = "com.apple.product-type.bundle.ui-testing";
		};
/* End PBXNativeTarget section */

/* Begin PBXProject section */
		8CD1C00823D0833200CCF6A4 /* Project object */ = {
			isa = PBXProject;
			attributes = {
				LastSwiftUpdateCheck = 1130;
				LastUpgradeCheck = 1130;
				ORGANIZATIONNAME = "Johannes Bjurströmer";
				TargetAttributes = {
					8CD1C00F23D0833200CCF6A4 = {
						CreatedOnToolsVersion = 11.3;
					};
					8CD1C02523D0833300CCF6A4 = {
						CreatedOnToolsVersion = 11.3;
						TestTargetID = 8CD1C00F23D0833200CCF6A4;
					};
					8CD1C03023D0833300CCF6A4 = {
						CreatedOnToolsVersion = 11.3;
						TestTargetID = 8CD1C00F23D0833200CCF6A4;
					};
				};
			};
			buildConfigurationList = 8CD1C00B23D0833200CCF6A4 /* Build configuration list for PBXProject "MovieDiary" */;
			compatibilityVersion = "Xcode 9.3";
			developmentRegion = en;
			hasScannedForEncodings = 0;
			knownRegions = (
				en,
				Base,
			);
			mainGroup = 8CD1C00723D0833200CCF6A4;
			productRefGroup = 8CD1C01123D0833200CCF6A4 /* Products */;
			projectDirPath = "";
			projectRoot = "";
			targets = (
				8CD1C00F23D0833200CCF6A4 /* MovieDiary */,
				8CD1C02523D0833300CCF6A4 /* MovieDiaryTests */,
				8CD1C03023D0833300CCF6A4 /* MovieDiaryUITests */,
			);
		};
/* End PBXProject section */

/* Begin PBXResourcesBuildPhase section */
		8CD1C00E23D0833200CCF6A4 /* Resources */ = {
			isa = PBXResourcesBuildPhase;
			buildActionMask = 2147483647;
			files = (
				8C72AF2523D4751A00AE1FBC /* Montserrat-SemiBoldItalic.ttf in Resources */,
				8C038FF423E31F1B00356623 /* GoogleService-Info.plist in Resources */,
				8C72AF2323D4751A00AE1FBC /* Montserrat-ExtraBold.ttf in Resources */,
				8CD1C02023D0833300CCF6A4 /* LaunchScreen.storyboard in Resources */,
				8C72AF2423D4751A00AE1FBC /* Montserrat-Bold.ttf in Resources */,
				8CD1C01D23D0833300CCF6A4 /* Assets.xcassets in Resources */,
				8C72AF2223D4751A00AE1FBC /* Montserrat-SemiBold.ttf in Resources */,
				8CD1C01B23D0833200CCF6A4 /* Main.storyboard in Resources */,
			);
			runOnlyForDeploymentPostprocessing = 0;
		};
		8CD1C02423D0833300CCF6A4 /* Resources */ = {
			isa = PBXResourcesBuildPhase;
			buildActionMask = 2147483647;
			files = (
			);
			runOnlyForDeploymentPostprocessing = 0;
		};
		8CD1C02F23D0833300CCF6A4 /* Resources */ = {
			isa = PBXResourcesBuildPhase;
			buildActionMask = 2147483647;
			files = (
			);
			runOnlyForDeploymentPostprocessing = 0;
		};
/* End PBXResourcesBuildPhase section */

/* Begin PBXShellScriptBuildPhase section */
		309C406B9BE478F5D90D91E8 /* [CP] Embed Pods Frameworks */ = {
			isa = PBXShellScriptBuildPhase;
			buildActionMask = 2147483647;
			files = (
			);
			inputFileListPaths = (
				"${PODS_ROOT}/Target Support Files/Pods-MovieDiary/Pods-MovieDiary-frameworks-${CONFIGURATION}-input-files.xcfilelist",
			);
			name = "[CP] Embed Pods Frameworks";
			outputFileListPaths = (
				"${PODS_ROOT}/Target Support Files/Pods-MovieDiary/Pods-MovieDiary-frameworks-${CONFIGURATION}-output-files.xcfilelist",
			);
			runOnlyForDeploymentPostprocessing = 0;
			shellPath = /bin/sh;
			shellScript = "\"${PODS_ROOT}/Target Support Files/Pods-MovieDiary/Pods-MovieDiary-frameworks.sh\"\n";
			showEnvVarsInLog = 0;
		};
		55A59EEA13FA71B9F1AF4B7E /* [CP] Check Pods Manifest.lock */ = {
			isa = PBXShellScriptBuildPhase;
			buildActionMask = 2147483647;
			files = (
			);
			inputFileListPaths = (
			);
			inputPaths = (
				"${PODS_PODFILE_DIR_PATH}/Podfile.lock",
				"${PODS_ROOT}/Manifest.lock",
			);
			name = "[CP] Check Pods Manifest.lock";
			outputFileListPaths = (
			);
			outputPaths = (
				"$(DERIVED_FILE_DIR)/Pods-MovieDiary-MovieDiaryUITests-checkManifestLockResult.txt",
			);
			runOnlyForDeploymentPostprocessing = 0;
			shellPath = /bin/sh;
			shellScript = "diff \"${PODS_PODFILE_DIR_PATH}/Podfile.lock\" \"${PODS_ROOT}/Manifest.lock\" > /dev/null\nif [ $? != 0 ] ; then\n    # print error to STDERR\n    echo \"error: The sandbox is not in sync with the Podfile.lock. Run 'pod install' or update your CocoaPods installation.\" >&2\n    exit 1\nfi\n# This output is used by Xcode 'outputs' to avoid re-running this script phase.\necho \"SUCCESS\" > \"${SCRIPT_OUTPUT_FILE_0}\"\n";
			showEnvVarsInLog = 0;
		};
		D43B9F68BF6DD5CB2C6D8067 /* [CP] Check Pods Manifest.lock */ = {
			isa = PBXShellScriptBuildPhase;
			buildActionMask = 2147483647;
			files = (
			);
			inputFileListPaths = (
			);
			inputPaths = (
				"${PODS_PODFILE_DIR_PATH}/Podfile.lock",
				"${PODS_ROOT}/Manifest.lock",
			);
			name = "[CP] Check Pods Manifest.lock";
			outputFileListPaths = (
			);
			outputPaths = (
				"$(DERIVED_FILE_DIR)/Pods-MovieDiary-checkManifestLockResult.txt",
			);
			runOnlyForDeploymentPostprocessing = 0;
			shellPath = /bin/sh;
			shellScript = "diff \"${PODS_PODFILE_DIR_PATH}/Podfile.lock\" \"${PODS_ROOT}/Manifest.lock\" > /dev/null\nif [ $? != 0 ] ; then\n    # print error to STDERR\n    echo \"error: The sandbox is not in sync with the Podfile.lock. Run 'pod install' or update your CocoaPods installation.\" >&2\n    exit 1\nfi\n# This output is used by Xcode 'outputs' to avoid re-running this script phase.\necho \"SUCCESS\" > \"${SCRIPT_OUTPUT_FILE_0}\"\n";
			showEnvVarsInLog = 0;
		};
		FC805088E23A0D33A598DBE5 /* [CP] Check Pods Manifest.lock */ = {
			isa = PBXShellScriptBuildPhase;
			buildActionMask = 2147483647;
			files = (
			);
			inputFileListPaths = (
			);
			inputPaths = (
				"${PODS_PODFILE_DIR_PATH}/Podfile.lock",
				"${PODS_ROOT}/Manifest.lock",
			);
			name = "[CP] Check Pods Manifest.lock";
			outputFileListPaths = (
			);
			outputPaths = (
				"$(DERIVED_FILE_DIR)/Pods-MovieDiaryTests-checkManifestLockResult.txt",
			);
			runOnlyForDeploymentPostprocessing = 0;
			shellPath = /bin/sh;
			shellScript = "diff \"${PODS_PODFILE_DIR_PATH}/Podfile.lock\" \"${PODS_ROOT}/Manifest.lock\" > /dev/null\nif [ $? != 0 ] ; then\n    # print error to STDERR\n    echo \"error: The sandbox is not in sync with the Podfile.lock. Run 'pod install' or update your CocoaPods installation.\" >&2\n    exit 1\nfi\n# This output is used by Xcode 'outputs' to avoid re-running this script phase.\necho \"SUCCESS\" > \"${SCRIPT_OUTPUT_FILE_0}\"\n";
			showEnvVarsInLog = 0;
		};
		FE580A4C34AF0F75AB00E064 /* [CP] Embed Pods Frameworks */ = {
			isa = PBXShellScriptBuildPhase;
			buildActionMask = 2147483647;
			files = (
			);
			inputFileListPaths = (
				"${PODS_ROOT}/Target Support Files/Pods-MovieDiary-MovieDiaryUITests/Pods-MovieDiary-MovieDiaryUITests-frameworks-${CONFIGURATION}-input-files.xcfilelist",
			);
			name = "[CP] Embed Pods Frameworks";
			outputFileListPaths = (
				"${PODS_ROOT}/Target Support Files/Pods-MovieDiary-MovieDiaryUITests/Pods-MovieDiary-MovieDiaryUITests-frameworks-${CONFIGURATION}-output-files.xcfilelist",
			);
			runOnlyForDeploymentPostprocessing = 0;
			shellPath = /bin/sh;
			shellScript = "\"${PODS_ROOT}/Target Support Files/Pods-MovieDiary-MovieDiaryUITests/Pods-MovieDiary-MovieDiaryUITests-frameworks.sh\"\n";
			showEnvVarsInLog = 0;
		};
/* End PBXShellScriptBuildPhase section */

/* Begin PBXSourcesBuildPhase section */
		8CD1C00C23D0833200CCF6A4 /* Sources */ = {
			isa = PBXSourcesBuildPhase;
			buildActionMask = 2147483647;
			files = (
				8CC05EF723D5C7B2000D70B8 /* DetailViewController.swift in Sources */,
				8CD1C05C23D09E5600CCF6A4 /* CreateItemViewController.swift in Sources */,
				8CD1C01823D0833200CCF6A4 /* ViewController.swift in Sources */,
				8C72AF2723D47C2500AE1FBC /* MovieCell.swift in Sources */,
				8CAF18D623D4B81700754E6C /* Colors.swift in Sources */,
				8CD1C01423D0833200CCF6A4 /* AppDelegate.swift in Sources */,
				8CD1C01623D0833200CCF6A4 /* SceneDelegate.swift in Sources */,
				8CAF18D823D4B9F900754E6C /* UIViewExtension.swift in Sources */,
				8C5CC8C823D1D9D90011DB51 /* Movie.swift in Sources */,
				8C91C10C23DB15450081E084 /* MenuAnimationExtension.swift in Sources */,
			);
			runOnlyForDeploymentPostprocessing = 0;
		};
		8CD1C02223D0833300CCF6A4 /* Sources */ = {
			isa = PBXSourcesBuildPhase;
			buildActionMask = 2147483647;
			files = (
				8CD1C02B23D0833300CCF6A4 /* MovieDiaryTests.swift in Sources */,
			);
			runOnlyForDeploymentPostprocessing = 0;
		};
		8CD1C02D23D0833300CCF6A4 /* Sources */ = {
			isa = PBXSourcesBuildPhase;
			buildActionMask = 2147483647;
			files = (
				8CD1C03623D0833300CCF6A4 /* MovieDiaryUITests.swift in Sources */,
			);
			runOnlyForDeploymentPostprocessing = 0;
		};
/* End PBXSourcesBuildPhase section */

/* Begin PBXTargetDependency section */
		8CD1C02823D0833300CCF6A4 /* PBXTargetDependency */ = {
			isa = PBXTargetDependency;
			target = 8CD1C00F23D0833200CCF6A4 /* MovieDiary */;
			targetProxy = 8CD1C02723D0833300CCF6A4 /* PBXContainerItemProxy */;
		};
		8CD1C03323D0833300CCF6A4 /* PBXTargetDependency */ = {
			isa = PBXTargetDependency;
			target = 8CD1C00F23D0833200CCF6A4 /* MovieDiary */;
			targetProxy = 8CD1C03223D0833300CCF6A4 /* PBXContainerItemProxy */;
		};
/* End PBXTargetDependency section */

/* Begin PBXVariantGroup section */
		8CD1C01923D0833200CCF6A4 /* Main.storyboard */ = {
			isa = PBXVariantGroup;
			children = (
				8CD1C01A23D0833200CCF6A4 /* Base */,
			);
			name = Main.storyboard;
			sourceTree = "<group>";
		};
		8CD1C01E23D0833300CCF6A4 /* LaunchScreen.storyboard */ = {
			isa = PBXVariantGroup;
			children = (
				8CD1C01F23D0833300CCF6A4 /* Base */,
			);
			name = LaunchScreen.storyboard;
			sourceTree = "<group>";
		};
/* End PBXVariantGroup section */

/* Begin XCBuildConfiguration section */
		8CD1C03823D0833300CCF6A4 /* Debug */ = {
			isa = XCBuildConfiguration;
			buildSettings = {
				ALWAYS_SEARCH_USER_PATHS = NO;
				CLANG_ANALYZER_NONNULL = YES;
				CLANG_ANALYZER_NUMBER_OBJECT_CONVERSION = YES_AGGRESSIVE;
				CLANG_CXX_LANGUAGE_STANDARD = "gnu++14";
				CLANG_CXX_LIBRARY = "libc++";
				CLANG_ENABLE_MODULES = YES;
				CLANG_ENABLE_OBJC_ARC = YES;
				CLANG_ENABLE_OBJC_WEAK = YES;
				CLANG_WARN_BLOCK_CAPTURE_AUTORELEASING = YES;
				CLANG_WARN_BOOL_CONVERSION = YES;
				CLANG_WARN_COMMA = YES;
				CLANG_WARN_CONSTANT_CONVERSION = YES;
				CLANG_WARN_DEPRECATED_OBJC_IMPLEMENTATIONS = YES;
				CLANG_WARN_DIRECT_OBJC_ISA_USAGE = YES_ERROR;
				CLANG_WARN_DOCUMENTATION_COMMENTS = YES;
				CLANG_WARN_EMPTY_BODY = YES;
				CLANG_WARN_ENUM_CONVERSION = YES;
				CLANG_WARN_INFINITE_RECURSION = YES;
				CLANG_WARN_INT_CONVERSION = YES;
				CLANG_WARN_NON_LITERAL_NULL_CONVERSION = YES;
				CLANG_WARN_OBJC_IMPLICIT_RETAIN_SELF = YES;
				CLANG_WARN_OBJC_LITERAL_CONVERSION = YES;
				CLANG_WARN_OBJC_ROOT_CLASS = YES_ERROR;
				CLANG_WARN_RANGE_LOOP_ANALYSIS = YES;
				CLANG_WARN_STRICT_PROTOTYPES = YES;
				CLANG_WARN_SUSPICIOUS_MOVE = YES;
				CLANG_WARN_UNGUARDED_AVAILABILITY = YES_AGGRESSIVE;
				CLANG_WARN_UNREACHABLE_CODE = YES;
				CLANG_WARN__DUPLICATE_METHOD_MATCH = YES;
				COPY_PHASE_STRIP = NO;
				DEBUG_INFORMATION_FORMAT = dwarf;
				ENABLE_STRICT_OBJC_MSGSEND = YES;
				ENABLE_TESTABILITY = YES;
				GCC_C_LANGUAGE_STANDARD = gnu11;
				GCC_DYNAMIC_NO_PIC = NO;
				GCC_NO_COMMON_BLOCKS = YES;
				GCC_OPTIMIZATION_LEVEL = 0;
				GCC_PREPROCESSOR_DEFINITIONS = (
					"DEBUG=1",
					"$(inherited)",
				);
				GCC_WARN_64_TO_32_BIT_CONVERSION = YES;
				GCC_WARN_ABOUT_RETURN_TYPE = YES_ERROR;
				GCC_WARN_UNDECLARED_SELECTOR = YES;
				GCC_WARN_UNINITIALIZED_AUTOS = YES_AGGRESSIVE;
				GCC_WARN_UNUSED_FUNCTION = YES;
				GCC_WARN_UNUSED_VARIABLE = YES;
				IPHONEOS_DEPLOYMENT_TARGET = 13.2;
				MTL_ENABLE_DEBUG_INFO = INCLUDE_SOURCE;
				MTL_FAST_MATH = YES;
				ONLY_ACTIVE_ARCH = YES;
				SDKROOT = iphoneos;
				SWIFT_ACTIVE_COMPILATION_CONDITIONS = DEBUG;
				SWIFT_OPTIMIZATION_LEVEL = "-Onone";
			};
			name = Debug;
		};
		8CD1C03923D0833300CCF6A4 /* Release */ = {
			isa = XCBuildConfiguration;
			buildSettings = {
				ALWAYS_SEARCH_USER_PATHS = NO;
				CLANG_ANALYZER_NONNULL = YES;
				CLANG_ANALYZER_NUMBER_OBJECT_CONVERSION = YES_AGGRESSIVE;
				CLANG_CXX_LANGUAGE_STANDARD = "gnu++14";
				CLANG_CXX_LIBRARY = "libc++";
				CLANG_ENABLE_MODULES = YES;
				CLANG_ENABLE_OBJC_ARC = YES;
				CLANG_ENABLE_OBJC_WEAK = YES;
				CLANG_WARN_BLOCK_CAPTURE_AUTORELEASING = YES;
				CLANG_WARN_BOOL_CONVERSION = YES;
				CLANG_WARN_COMMA = YES;
				CLANG_WARN_CONSTANT_CONVERSION = YES;
				CLANG_WARN_DEPRECATED_OBJC_IMPLEMENTATIONS = YES;
				CLANG_WARN_DIRECT_OBJC_ISA_USAGE = YES_ERROR;
				CLANG_WARN_DOCUMENTATION_COMMENTS = YES;
				CLANG_WARN_EMPTY_BODY = YES;
				CLANG_WARN_ENUM_CONVERSION = YES;
				CLANG_WARN_INFINITE_RECURSION = YES;
				CLANG_WARN_INT_CONVERSION = YES;
				CLANG_WARN_NON_LITERAL_NULL_CONVERSION = YES;
				CLANG_WARN_OBJC_IMPLICIT_RETAIN_SELF = YES;
				CLANG_WARN_OBJC_LITERAL_CONVERSION = YES;
				CLANG_WARN_OBJC_ROOT_CLASS = YES_ERROR;
				CLANG_WARN_RANGE_LOOP_ANALYSIS = YES;
				CLANG_WARN_STRICT_PROTOTYPES = YES;
				CLANG_WARN_SUSPICIOUS_MOVE = YES;
				CLANG_WARN_UNGUARDED_AVAILABILITY = YES_AGGRESSIVE;
				CLANG_WARN_UNREACHABLE_CODE = YES;
				CLANG_WARN__DUPLICATE_METHOD_MATCH = YES;
				COPY_PHASE_STRIP = NO;
				DEBUG_INFORMATION_FORMAT = "dwarf-with-dsym";
				ENABLE_NS_ASSERTIONS = NO;
				ENABLE_STRICT_OBJC_MSGSEND = YES;
				GCC_C_LANGUAGE_STANDARD = gnu11;
				GCC_NO_COMMON_BLOCKS = YES;
				GCC_WARN_64_TO_32_BIT_CONVERSION = YES;
				GCC_WARN_ABOUT_RETURN_TYPE = YES_ERROR;
				GCC_WARN_UNDECLARED_SELECTOR = YES;
				GCC_WARN_UNINITIALIZED_AUTOS = YES_AGGRESSIVE;
				GCC_WARN_UNUSED_FUNCTION = YES;
				GCC_WARN_UNUSED_VARIABLE = YES;
				IPHONEOS_DEPLOYMENT_TARGET = 13.2;
				MTL_ENABLE_DEBUG_INFO = NO;
				MTL_FAST_MATH = YES;
				SDKROOT = iphoneos;
				SWIFT_COMPILATION_MODE = wholemodule;
				SWIFT_OPTIMIZATION_LEVEL = "-O";
				VALIDATE_PRODUCT = YES;
			};
			name = Release;
		};
		8CD1C03B23D0833300CCF6A4 /* Debug */ = {
			isa = XCBuildConfiguration;
			baseConfigurationReference = B83FD5A58B36C5F362718E7B /* Pods-MovieDiary.debug.xcconfig */;
			buildSettings = {
				ASSETCATALOG_COMPILER_APPICON_NAME = AppIcon;
				CODE_SIGN_STYLE = Automatic;
				INFOPLIST_FILE = MovieDiary/Info.plist;
				LD_RUNPATH_SEARCH_PATHS = (
					"$(inherited)",
					"@executable_path/Frameworks",
				);
				PRODUCT_BUNDLE_IDENTIFIER = com.MovieDiary;
				PRODUCT_NAME = "$(TARGET_NAME)";
				SWIFT_VERSION = 5.0;
				TARGETED_DEVICE_FAMILY = "1,2";
			};
			name = Debug;
		};
		8CD1C03C23D0833300CCF6A4 /* Release */ = {
			isa = XCBuildConfiguration;
			baseConfigurationReference = F43C4B2DAA7D90C376119129 /* Pods-MovieDiary.release.xcconfig */;
			buildSettings = {
				ASSETCATALOG_COMPILER_APPICON_NAME = AppIcon;
				CODE_SIGN_STYLE = Automatic;
				INFOPLIST_FILE = MovieDiary/Info.plist;
				LD_RUNPATH_SEARCH_PATHS = (
					"$(inherited)",
					"@executable_path/Frameworks",
				);
				PRODUCT_BUNDLE_IDENTIFIER = com.MovieDiary;
				PRODUCT_NAME = "$(TARGET_NAME)";
				SWIFT_VERSION = 5.0;
				TARGETED_DEVICE_FAMILY = "1,2";
			};
			name = Release;
		};
		8CD1C03E23D0833300CCF6A4 /* Debug */ = {
			isa = XCBuildConfiguration;
			baseConfigurationReference = E869F8F2B63B0420132AB7EC /* Pods-MovieDiaryTests.debug.xcconfig */;
			buildSettings = {
				ALWAYS_EMBED_SWIFT_STANDARD_LIBRARIES = YES;
				BUNDLE_LOADER = "$(TEST_HOST)";
				CODE_SIGN_STYLE = Automatic;
				INFOPLIST_FILE = MovieDiaryTests/Info.plist;
				IPHONEOS_DEPLOYMENT_TARGET = 13.2;
				LD_RUNPATH_SEARCH_PATHS = (
					"$(inherited)",
					"@executable_path/Frameworks",
					"@loader_path/Frameworks",
				);
				PRODUCT_BUNDLE_IDENTIFIER = com.MovieDiaryTests;
				PRODUCT_NAME = "$(TARGET_NAME)";
				SWIFT_VERSION = 5.0;
				TARGETED_DEVICE_FAMILY = "1,2";
				TEST_HOST = "$(BUILT_PRODUCTS_DIR)/MovieDiary.app/MovieDiary";
			};
			name = Debug;
		};
		8CD1C03F23D0833300CCF6A4 /* Release */ = {
			isa = XCBuildConfiguration;
			baseConfigurationReference = F227712CEB0A3560B55F3326 /* Pods-MovieDiaryTests.release.xcconfig */;
			buildSettings = {
				ALWAYS_EMBED_SWIFT_STANDARD_LIBRARIES = YES;
				BUNDLE_LOADER = "$(TEST_HOST)";
				CODE_SIGN_STYLE = Automatic;
				INFOPLIST_FILE = MovieDiaryTests/Info.plist;
				IPHONEOS_DEPLOYMENT_TARGET = 13.2;
				LD_RUNPATH_SEARCH_PATHS = (
					"$(inherited)",
					"@executable_path/Frameworks",
					"@loader_path/Frameworks",
				);
				PRODUCT_BUNDLE_IDENTIFIER = com.MovieDiaryTests;
				PRODUCT_NAME = "$(TARGET_NAME)";
				SWIFT_VERSION = 5.0;
				TARGETED_DEVICE_FAMILY = "1,2";
				TEST_HOST = "$(BUILT_PRODUCTS_DIR)/MovieDiary.app/MovieDiary";
			};
			name = Release;
		};
		8CD1C04123D0833300CCF6A4 /* Debug */ = {
			isa = XCBuildConfiguration;
			baseConfigurationReference = A08BD2F443D5DA4F02289782 /* Pods-MovieDiary-MovieDiaryUITests.debug.xcconfig */;
			buildSettings = {
				ALWAYS_EMBED_SWIFT_STANDARD_LIBRARIES = YES;
				CODE_SIGN_STYLE = Automatic;
				INFOPLIST_FILE = MovieDiaryUITests/Info.plist;
				LD_RUNPATH_SEARCH_PATHS = (
					"$(inherited)",
					"@executable_path/Frameworks",
					"@loader_path/Frameworks",
				);
				PRODUCT_BUNDLE_IDENTIFIER = com.MovieDiaryUITests;
				PRODUCT_NAME = "$(TARGET_NAME)";
				SWIFT_VERSION = 5.0;
				TARGETED_DEVICE_FAMILY = "1,2";
				TEST_TARGET_NAME = MovieDiary;
			};
			name = Debug;
		};
		8CD1C04223D0833300CCF6A4 /* Release */ = {
			isa = XCBuildConfiguration;
			baseConfigurationReference = B8394C65C7F69A9F7AABEB9D /* Pods-MovieDiary-MovieDiaryUITests.release.xcconfig */;
			buildSettings = {
				ALWAYS_EMBED_SWIFT_STANDARD_LIBRARIES = YES;
				CODE_SIGN_STYLE = Automatic;
				INFOPLIST_FILE = MovieDiaryUITests/Info.plist;
				LD_RUNPATH_SEARCH_PATHS = (
					"$(inherited)",
					"@executable_path/Frameworks",
					"@loader_path/Frameworks",
				);
				PRODUCT_BUNDLE_IDENTIFIER = com.MovieDiaryUITests;
				PRODUCT_NAME = "$(TARGET_NAME)";
				SWIFT_VERSION = 5.0;
				TARGETED_DEVICE_FAMILY = "1,2";
				TEST_TARGET_NAME = MovieDiary;
			};
			name = Release;
		};
/* End XCBuildConfiguration section */

/* Begin XCConfigurationList section */
		8CD1C00B23D0833200CCF6A4 /* Build configuration list for PBXProject "MovieDiary" */ = {
			isa = XCConfigurationList;
			buildConfigurations = (
				8CD1C03823D0833300CCF6A4 /* Debug */,
				8CD1C03923D0833300CCF6A4 /* Release */,
			);
			defaultConfigurationIsVisible = 0;
			defaultConfigurationName = Release;
		};
		8CD1C03A23D0833300CCF6A4 /* Build configuration list for PBXNativeTarget "MovieDiary" */ = {
			isa = XCConfigurationList;
			buildConfigurations = (
				8CD1C03B23D0833300CCF6A4 /* Debug */,
				8CD1C03C23D0833300CCF6A4 /* Release */,
			);
			defaultConfigurationIsVisible = 0;
			defaultConfigurationName = Release;
		};
		8CD1C03D23D0833300CCF6A4 /* Build configuration list for PBXNativeTarget "MovieDiaryTests" */ = {
			isa = XCConfigurationList;
			buildConfigurations = (
				8CD1C03E23D0833300CCF6A4 /* Debug */,
				8CD1C03F23D0833300CCF6A4 /* Release */,
			);
			defaultConfigurationIsVisible = 0;
			defaultConfigurationName = Release;
		};
		8CD1C04023D0833300CCF6A4 /* Build configuration list for PBXNativeTarget "MovieDiaryUITests" */ = {
			isa = XCConfigurationList;
			buildConfigurations = (
				8CD1C04123D0833300CCF6A4 /* Debug */,
				8CD1C04223D0833300CCF6A4 /* Release */,
			);
			defaultConfigurationIsVisible = 0;
			defaultConfigurationName = Release;
		};
/* End XCConfigurationList section */
	};
	rootObject = 8CD1C00823D0833200CCF6A4 /* Project object */;
}
